
Microsoft Visual Studio Solution File, Format Version 12.00
# Visual Studio 15
VisualStudioVersion = 15.0.27004.2009
MinimumVisualStudioVersion = 10.0.40219.1
Project("{FAE04EC0-301F-11D3-BF4B-00C04F79EFBC}") = "ConsoleApp3", "ConsoleApp3\ConsoleApp3.csproj", "{A014E369-44AC-4CA0-8C1E-9A66BD993EEE}"
EndProject
Global
	GlobalSection(SolutionConfigurationPlatforms) = preSolution
		Debug|Any CPU = Debug|Any CPU
		Release|Any CPU = Release|Any CPU
	EndGlobalSection
	GlobalSection(ProjectConfigurationPlatforms) = postSolution
		{A014E369-44AC-4CA0-8C1E-9A66BD993EEE}.Debug|Any CPU.ActiveCfg = Debug|Any CPU
		{A014E369-44AC-4CA0-8C1E-9A66BD993EEE}.Debug|Any CPU.Build.0 = Debug|Any CPU
		{A014E369-44AC-4CA0-8C1E-9A66BD993EEE}.Release|Any CPU.ActiveCfg = Release|Any CPU
		{A014E369-44AC-4CA0-8C1E-9A66BD993EEE}.Release|Any CPU.Build.0 = Release|Any CPU
	EndGlobalSection
	GlobalSection(SolutionProperties) = preSolution
		HideSolutionNode = FALSE
	EndGlobalSection
	GlobalSection(ExtensibilityGlobals) = postSolution
		SolutionGuid = {256A53C6-3A62-403D-BE17-BA59247C1605}
	EndGlobalSection
EndGlobal
